
Microsoft Visual Studio Solution File, Format Version 12.00
# Visual Studio Version 16
VisualStudioVersion = 16.0.31410.357
MinimumVisualStudioVersion = 10.0.40219.1
Project("{FAE04EC0-301F-11D3-BF4B-00C04F79EFBC}") = "SuperHero", "SuperHero\SuperHero.csproj", "{2F2B7136-09D0-4069-805F-54EDAC6BE905}"
EndProject
Project("{FAE04EC0-301F-11D3-BF4B-00C04F79EFBC}") = "SuperHero.Domain", "SuperHero.Domain\SuperHero.Domain.csproj", "{151030C0-3D0E-46C5-A217-1BDA6E888A79}"
EndProject
Global
	GlobalSection(SolutionConfigurationPlatforms) = preSolution
		Debug|Any CPU = Debug|Any CPU
		Release|Any CPU = Release|Any CPU
	EndGlobalSection
	GlobalSection(ProjectConfigurationPlatforms) = postSolution
		{2F2B7136-09D0-4069-805F-54EDAC6BE905}.Debug|Any CPU.ActiveCfg = Debug|Any CPU
		{2F2B7136-09D0-4069-805F-54EDAC6BE905}.Debug|Any CPU.Build.0 = Debug|Any CPU
		{2F2B7136-09D0-4069-805F-54EDAC6BE905}.Release|Any CPU.ActiveCfg = Release|Any CPU
		{2F2B7136-09D0-4069-805F-54EDAC6BE905}.Release|Any CPU.Build.0 = Release|Any CPU
		{151030C0-3D0E-46C5-A217-1BDA6E888A79}.Debug|Any CPU.ActiveCfg = Debug|Any CPU
		{151030C0-3D0E-46C5-A217-1BDA6E888A79}.Debug|Any CPU.Build.0 = Debug|Any CPU
		{151030C0-3D0E-46C5-A217-1BDA6E888A79}.Release|Any CPU.ActiveCfg = Release|Any CPU
		{151030C0-3D0E-46C5-A217-1BDA6E888A79}.Release|Any CPU.Build.0 = Release|Any CPU
	EndGlobalSection
	GlobalSection(SolutionProperties) = preSolution
		HideSolutionNode = FALSE
	EndGlobalSection
	GlobalSection(ExtensibilityGlobals) = postSolution
		SolutionGuid = {8E7F990F-E9B5-45AE-97DE-C3EF4A2F5A8F}
	EndGlobalSection
EndGlobal
